
Microsoft Visual Studio Solution File, Format Version 12.00
# Visual Studio Version 17
VisualStudioVersion = 17.4.33205.214
MinimumVisualStudioVersion = 10.0.40219.1
Project("{FAE04EC0-301F-11D3-BF4B-00C04F79EFBC}") = "Rename_file", "Rename_file\Rename_file.csproj", "{D96F626C-9E3E-4846-ACA4-43BB471B7399}"
EndProject
Global
	GlobalSection(SolutionConfigurationPlatforms) = preSolution
		Debug|Any CPU = Debug|Any CPU
		Release|Any CPU = Release|Any CPU
	EndGlobalSection
	GlobalSection(ProjectConfigurationPlatforms) = postSolution
		{D96F626C-9E3E-4846-ACA4-43BB471B7399}.Debug|Any CPU.ActiveCfg = Debug|Any CPU
		{D96F626C-9E3E-4846-ACA4-43BB471B7399}.Debug|Any CPU.Build.0 = Debug|Any CPU
		{D96F626C-9E3E-4846-ACA4-43BB471B7399}.Release|Any CPU.ActiveCfg = Release|Any CPU
		{D96F626C-9E3E-4846-ACA4-43BB471B7399}.Release|Any CPU.Build.0 = Release|Any CPU
	EndGlobalSection
	GlobalSection(SolutionProperties) = preSolution
		HideSolutionNode = FALSE
	EndGlobalSection
	GlobalSection(ExtensibilityGlobals) = postSolution
		SolutionGuid = {D8B8408C-C012-44A5-9772-EBC790411626}
	EndGlobalSection
EndGlobal
